
Microsoft Visual Studio Solution File, Format Version 12.00
# Visual Studio Version 16
VisualStudioVersion = 16.0.30804.86
MinimumVisualStudioVersion = 15.0.26124.0
Project("{2150E333-8FDC-42A3-9474-1A3956D46DE8}") = "src", "src", "{27EB382C-EEB2-4449-95F8-71E2AD6A9B76}"
EndProject
Project("{9A19103F-16F7-4668-BE54-9A1E7A4F7556}") = "Models.Test", "src\Models.Test\Models.Test.csproj", "{75A80F06-30EF-4786-94C8-E9EEE8350571}"
EndProject
Project("{9A19103F-16F7-4668-BE54-9A1E7A4F7556}") = "Models", "src\Models\Models.csproj", "{51ED0167-D845-41EA-9128-50AB26457E8D}"
EndProject
Global
	GlobalSection(SolutionConfigurationPlatforms) = preSolution
		Debug|Any CPU = Debug|Any CPU
		Debug|x64 = Debug|x64
		Debug|x86 = Debug|x86
		Release|Any CPU = Release|Any CPU
		Release|x64 = Release|x64
		Release|x86 = Release|x86
	EndGlobalSection
	GlobalSection(ProjectConfigurationPlatforms) = postSolution
		{75A80F06-30EF-4786-94C8-E9EEE8350571}.Debug|Any CPU.ActiveCfg = Debug|Any CPU
		{75A80F06-30EF-4786-94C8-E9EEE8350571}.Debug|Any CPU.Build.0 = Debug|Any CPU
		{75A80F06-30EF-4786-94C8-E9EEE8350571}.Debug|x64.ActiveCfg = Debug|Any CPU
		{75A80F06-30EF-4786-94C8-E9EEE8350571}.Debug|x64.Build.0 = Debug|Any CPU
		{75A80F06-30EF-4786-94C8-E9EEE8350571}.Debug|x86.ActiveCfg = Debug|Any CPU
		{75A80F06-30EF-4786-94C8-E9EEE8350571}.Debug|x86.Build.0 = Debug|Any CPU
		{75A80F06-30EF-4786-94C8-E9EEE8350571}.Release|Any CPU.ActiveCfg = Release|Any CPU
		{75A80F06-30EF-4786-94C8-E9EEE8350571}.Release|Any CPU.Build.0 = Release|Any CPU
		{75A80F06-30EF-4786-94C8-E9EEE8350571}.Release|x64.ActiveCfg = Release|Any CPU
		{75A80F06-30EF-4786-94C8-E9EEE8350571}.Release|x64.Build.0 = Release|Any CPU
		{75A80F06-30EF-4786-94C8-E9EEE8350571}.Release|x86.ActiveCfg = Release|Any CPU
		{75A80F06-30EF-4786-94C8-E9EEE8350571}.Release|x86.Build.0 = Release|Any CPU
		{51ED0167-D845-41EA-9128-50AB26457E8D}.Debug|Any CPU.ActiveCfg = Debug|Any CPU
		{51ED0167-D845-41EA-9128-50AB26457E8D}.Debug|Any CPU.Build.0 = Debug|Any CPU
		{51ED0167-D845-41EA-9128-50AB26457E8D}.Debug|x64.ActiveCfg = Debug|Any CPU
		{51ED0167-D845-41EA-9128-50AB26457E8D}.Debug|x64.Build.0 = Debug|Any CPU
		{51ED0167-D845-41EA-9128-50AB26457E8D}.Debug|x86.ActiveCfg = Debug|Any CPU
		{51ED0167-D845-41EA-9128-50AB26457E8D}.Debug|x86.Build.0 = Debug|Any CPU
		{51ED0167-D845-41EA-9128-50AB26457E8D}.Release|Any CPU.ActiveCfg = Release|Any CPU
		{51ED0167-D845-41EA-9128-50AB26457E8D}.Release|Any CPU.Build.0 = Release|Any CPU
		{51ED0167-D845-41EA-9128-50AB26457E8D}.Release|x64.ActiveCfg = Release|Any CPU
		{51ED0167-D845-41EA-9128-50AB26457E8D}.Release|x64.Build.0 = Release|Any CPU
		{51ED0167-D845-41EA-9128-50AB26457E8D}.Release|x86.ActiveCfg = Release|Any CPU
		{51ED0167-D845-41EA-9128-50AB26457E8D}.Release|x86.Build.0 = Release|Any CPU
	EndGlobalSection
	GlobalSection(SolutionProperties) = preSolution
		HideSolutionNode = FALSE
	EndGlobalSection
	GlobalSection(NestedProjects) = preSolution
		{75A80F06-30EF-4786-94C8-E9EEE8350571} = {27EB382C-EEB2-4449-95F8-71E2AD6A9B76}
		{51ED0167-D845-41EA-9128-50AB26457E8D} = {27EB382C-EEB2-4449-95F8-71E2AD6A9B76}
	EndGlobalSection
	GlobalSection(ExtensibilityGlobals) = postSolution
		SolutionGuid = {209F069A-0ACF-4660-BC99-BA3587FCD7C9}
	EndGlobalSection
EndGlobal
